
Microsoft Visual Studio Solution File, Format Version 11.00
# Visual Studio 2010
Project("{985F20FF-87AE-45F6-86E0-1DBBF0224EB9}") = "GameOfLifeWindowsForms", "GameOfLifeWindowsForms\GameOfLifeWindowsForms.cljproj", "{01192482-9809-4C99-9C93-945B9334F017}"
EndProject
Global
	GlobalSection(SubversionScc) = preSolution
		Svn-Managed = True
		Manager = AnkhSVN - Subversion Support for Visual Studio
	EndGlobalSection
	GlobalSection(SolutionConfigurationPlatforms) = preSolution
		Debug|x86 = Debug|x86
		Release|x86 = Release|x86
	EndGlobalSection
	GlobalSection(ProjectConfigurationPlatforms) = postSolution
		{01192482-9809-4C99-9C93-945B9334F017}.Debug|x86.ActiveCfg = Debug|x86
		{01192482-9809-4C99-9C93-945B9334F017}.Debug|x86.Build.0 = Debug|x86
		{01192482-9809-4C99-9C93-945B9334F017}.Release|x86.ActiveCfg = Release|x86
		{01192482-9809-4C99-9C93-945B9334F017}.Release|x86.Build.0 = Release|x86
	EndGlobalSection
	GlobalSection(SolutionProperties) = preSolution
		HideSolutionNode = FALSE
	EndGlobalSection
EndGlobal
